
Microsoft Visual Studio Solution File, Format Version 12.00
# Visual Studio 14
VisualStudioVersion = 14.0.23107.0
MinimumVisualStudioVersion = 10.0.40219.1
Project("{FAE04EC0-301F-11D3-BF4B-00C04F79EFBC}") = "TransactionScriptSample", "TransactionScriptSample\TransactionScriptSample.csproj", "{46397034-9A2F-4917-8A3C-E6CFE3526A04}"
EndProject
Project("{FAE04EC0-301F-11D3-BF4B-00C04F79EFBC}") = "DomainModel", "DomainModel\DomainModel.csproj", "{73D210ED-B7A5-4A48-BAB3-A0EB2D84E5FF}"
EndProject
Project("{FAE04EC0-301F-11D3-BF4B-00C04F79EFBC}") = "TableModule", "TableModule\TableModule.csproj", "{96DC346A-4B4D-45A3-9614-AA99FAA0249E}"
EndProject
Project("{2150E333-8FDC-42A3-9474-1A3956D46DE8}") = "Solution Items", "Solution Items", "{8F904AD5-D495-4977-8FC2-5DB1FBD8B627}"
	ProjectSection(SolutionItems) = preProject
		README.md = README.md
	EndProjectSection
EndProject
Project("{FAE04EC0-301F-11D3-BF4B-00C04F79EFBC}") = "TableDataGateway", "TableDataGateway\TableDataGateway.csproj", "{5F814897-DD49-4F85-9A71-B8CD63968DC5}"
EndProject
Project("{FAE04EC0-301F-11D3-BF4B-00C04F79EFBC}") = "RowDataGateway", "RowDataGateway\RowDataGateway.csproj", "{8A9F691C-9E0E-46D8-8AA6-867C8D10F499}"
EndProject
Project("{FAE04EC0-301F-11D3-BF4B-00C04F79EFBC}") = "ActiveRecord", "ActiveRecord\ActiveRecord.csproj", "{F61DF254-351B-49CA-B285-08A9478C7F64}"
EndProject
Project("{FAE04EC0-301F-11D3-BF4B-00C04F79EFBC}") = "DataMapper", "DataMapper\DataMapper.csproj", "{EC4FA29D-94C0-498E-896E-23DF680304F3}"
EndProject
Project("{FAE04EC0-301F-11D3-BF4B-00C04F79EFBC}") = "UnitfOfWork", "UnifOfWork\UnitfOfWork.csproj", "{7DCA8018-B61C-43A0-BD01-C73646769A4B}"
EndProject
Project("{FAE04EC0-301F-11D3-BF4B-00C04F79EFBC}") = "IdentityField", "IdentityField\IdentityField.csproj", "{1194461A-D112-4A9D-9EEE-081D23641BD9}"
EndProject
Project("{FAE04EC0-301F-11D3-BF4B-00C04F79EFBC}") = "ForeignKeyMapping", "ForeignKeyMapping\ForeignKeyMapping.csproj", "{C3D620F2-AA1A-4A9C-ABEF-44D8873AEFCD}"
EndProject
Project("{FAE04EC0-301F-11D3-BF4B-00C04F79EFBC}") = "AssociationTableMapping", "AssociationTableMapping\AssociationTableMapping.csproj", "{452BD8C7-AA3B-449A-8E98-1B61E1DC0DE9}"
EndProject
Project("{FAE04EC0-301F-11D3-BF4B-00C04F79EFBC}") = "DependentMapping", "DependentMapping\DependentMapping.csproj", "{F6416F34-A9FE-4459-A194-F4273317E06F}"
EndProject
Project("{FAE04EC0-301F-11D3-BF4B-00C04F79EFBC}") = "SingleTableInheritance", "SingleTableInheritance\SingleTableInheritance.csproj", "{A4902363-BBF5-45FF-B82D-411DA93C17A7}"
EndProject
Project("{FAE04EC0-301F-11D3-BF4B-00C04F79EFBC}") = "ClassTableInheritance", "ClassTableInheritance\ClassTableInheritance.csproj", "{658283DD-875C-4269-9249-D62E1F1B639A}"
EndProject
Project("{FAE04EC0-301F-11D3-BF4B-00C04F79EFBC}") = "ConcreteTableInheritance", "ConcreteTableInheritance\ConcreteTableInheritance.csproj", "{07C4CBC2-D097-4590-8D89-D7FD96B3929E}"
EndProject
Project("{FAE04EC0-301F-11D3-BF4B-00C04F79EFBC}") = "QueryObject", "QueryObject\QueryObject.csproj", "{316BB0BF-1D5F-46C8-B744-D610EF301077}"
EndProject
Project("{FAE04EC0-301F-11D3-BF4B-00C04F79EFBC}") = "MetadataMapping", "MetadataMapping\MetadataMapping.csproj", "{599B612F-BDFD-4B47-BB84-615D9E3E005C}"
EndProject
Project("{FAE04EC0-301F-11D3-BF4B-00C04F79EFBC}") = "Repository", "Repository\Repository.csproj", "{6A070CF5-374F-41E6-A686-D37FD2DF1F56}"
EndProject
Project("{FAE04EC0-301F-11D3-BF4B-00C04F79EFBC}") = "Registry", "Registry\Registry.csproj", "{63C9CFF7-AE0E-4932-A9F5-EB314742A658}"
EndProject
Project("{FAE04EC0-301F-11D3-BF4B-00C04F79EFBC}") = "IdentityMap", "IdentityMap\IdentityMap.csproj", "{FDA580FF-9AC9-4680-B0C1-6D93B9626CD0}"
EndProject
Global
	GlobalSection(SolutionConfigurationPlatforms) = preSolution
		Debug|Any CPU = Debug|Any CPU
		Release|Any CPU = Release|Any CPU
	EndGlobalSection
	GlobalSection(ProjectConfigurationPlatforms) = postSolution
		{46397034-9A2F-4917-8A3C-E6CFE3526A04}.Debug|Any CPU.ActiveCfg = Debug|Any CPU
		{46397034-9A2F-4917-8A3C-E6CFE3526A04}.Debug|Any CPU.Build.0 = Debug|Any CPU
		{46397034-9A2F-4917-8A3C-E6CFE3526A04}.Release|Any CPU.ActiveCfg = Release|Any CPU
		{46397034-9A2F-4917-8A3C-E6CFE3526A04}.Release|Any CPU.Build.0 = Release|Any CPU
		{73D210ED-B7A5-4A48-BAB3-A0EB2D84E5FF}.Debug|Any CPU.ActiveCfg = Debug|Any CPU
		{73D210ED-B7A5-4A48-BAB3-A0EB2D84E5FF}.Debug|Any CPU.Build.0 = Debug|Any CPU
		{73D210ED-B7A5-4A48-BAB3-A0EB2D84E5FF}.Release|Any CPU.ActiveCfg = Release|Any CPU
		{73D210ED-B7A5-4A48-BAB3-A0EB2D84E5FF}.Release|Any CPU.Build.0 = Release|Any CPU
		{96DC346A-4B4D-45A3-9614-AA99FAA0249E}.Debug|Any CPU.ActiveCfg = Debug|Any CPU
		{96DC346A-4B4D-45A3-9614-AA99FAA0249E}.Debug|Any CPU.Build.0 = Debug|Any CPU
		{96DC346A-4B4D-45A3-9614-AA99FAA0249E}.Release|Any CPU.ActiveCfg = Release|Any CPU
		{96DC346A-4B4D-45A3-9614-AA99FAA0249E}.Release|Any CPU.Build.0 = Release|Any CPU
		{5F814897-DD49-4F85-9A71-B8CD63968DC5}.Debug|Any CPU.ActiveCfg = Debug|Any CPU
		{5F814897-DD49-4F85-9A71-B8CD63968DC5}.Debug|Any CPU.Build.0 = Debug|Any CPU
		{5F814897-DD49-4F85-9A71-B8CD63968DC5}.Release|Any CPU.ActiveCfg = Release|Any CPU
		{5F814897-DD49-4F85-9A71-B8CD63968DC5}.Release|Any CPU.Build.0 = Release|Any CPU
		{8A9F691C-9E0E-46D8-8AA6-867C8D10F499}.Debug|Any CPU.ActiveCfg = Debug|Any CPU
		{8A9F691C-9E0E-46D8-8AA6-867C8D10F499}.Debug|Any CPU.Build.0 = Debug|Any CPU
		{8A9F691C-9E0E-46D8-8AA6-867C8D10F499}.Release|Any CPU.ActiveCfg = Release|Any CPU
		{8A9F691C-9E0E-46D8-8AA6-867C8D10F499}.Release|Any CPU.Build.0 = Release|Any CPU
		{F61DF254-351B-49CA-B285-08A9478C7F64}.Debug|Any CPU.ActiveCfg = Debug|Any CPU
		{F61DF254-351B-49CA-B285-08A9478C7F64}.Debug|Any CPU.Build.0 = Debug|Any CPU
		{F61DF254-351B-49CA-B285-08A9478C7F64}.Release|Any CPU.ActiveCfg = Release|Any CPU
		{F61DF254-351B-49CA-B285-08A9478C7F64}.Release|Any CPU.Build.0 = Release|Any CPU
		{EC4FA29D-94C0-498E-896E-23DF680304F3}.Debug|Any CPU.ActiveCfg = Debug|Any CPU
		{EC4FA29D-94C0-498E-896E-23DF680304F3}.Debug|Any CPU.Build.0 = Debug|Any CPU
		{EC4FA29D-94C0-498E-896E-23DF680304F3}.Release|Any CPU.ActiveCfg = Release|Any CPU
		{EC4FA29D-94C0-498E-896E-23DF680304F3}.Release|Any CPU.Build.0 = Release|Any CPU
		{7DCA8018-B61C-43A0-BD01-C73646769A4B}.Debug|Any CPU.ActiveCfg = Debug|Any CPU
		{7DCA8018-B61C-43A0-BD01-C73646769A4B}.Debug|Any CPU.Build.0 = Debug|Any CPU
		{7DCA8018-B61C-43A0-BD01-C73646769A4B}.Release|Any CPU.ActiveCfg = Release|Any CPU
		{7DCA8018-B61C-43A0-BD01-C73646769A4B}.Release|Any CPU.Build.0 = Release|Any CPU
		{1194461A-D112-4A9D-9EEE-081D23641BD9}.Debug|Any CPU.ActiveCfg = Debug|Any CPU
		{1194461A-D112-4A9D-9EEE-081D23641BD9}.Debug|Any CPU.Build.0 = Debug|Any CPU
		{1194461A-D112-4A9D-9EEE-081D23641BD9}.Release|Any CPU.ActiveCfg = Release|Any CPU
		{1194461A-D112-4A9D-9EEE-081D23641BD9}.Release|Any CPU.Build.0 = Release|Any CPU
		{C3D620F2-AA1A-4A9C-ABEF-44D8873AEFCD}.Debug|Any CPU.ActiveCfg = Debug|Any CPU
		{C3D620F2-AA1A-4A9C-ABEF-44D8873AEFCD}.Debug|Any CPU.Build.0 = Debug|Any CPU
		{C3D620F2-AA1A-4A9C-ABEF-44D8873AEFCD}.Release|Any CPU.ActiveCfg = Release|Any CPU
		{C3D620F2-AA1A-4A9C-ABEF-44D8873AEFCD}.Release|Any CPU.Build.0 = Release|Any CPU
		{452BD8C7-AA3B-449A-8E98-1B61E1DC0DE9}.Debug|Any CPU.ActiveCfg = Debug|Any CPU
		{452BD8C7-AA3B-449A-8E98-1B61E1DC0DE9}.Debug|Any CPU.Build.0 = Debug|Any CPU
		{452BD8C7-AA3B-449A-8E98-1B61E1DC0DE9}.Release|Any CPU.ActiveCfg = Release|Any CPU
		{452BD8C7-AA3B-449A-8E98-1B61E1DC0DE9}.Release|Any CPU.Build.0 = Release|Any CPU
		{F6416F34-A9FE-4459-A194-F4273317E06F}.Debug|Any CPU.ActiveCfg = Debug|Any CPU
		{F6416F34-A9FE-4459-A194-F4273317E06F}.Debug|Any CPU.Build.0 = Debug|Any CPU
		{F6416F34-A9FE-4459-A194-F4273317E06F}.Release|Any CPU.ActiveCfg = Release|Any CPU
		{F6416F34-A9FE-4459-A194-F4273317E06F}.Release|Any CPU.Build.0 = Release|Any CPU
		{A4902363-BBF5-45FF-B82D-411DA93C17A7}.Debug|Any CPU.ActiveCfg = Debug|Any CPU
		{A4902363-BBF5-45FF-B82D-411DA93C17A7}.Debug|Any CPU.Build.0 = Debug|Any CPU
		{A4902363-BBF5-45FF-B82D-411DA93C17A7}.Release|Any CPU.ActiveCfg = Release|Any CPU
		{A4902363-BBF5-45FF-B82D-411DA93C17A7}.Release|Any CPU.Build.0 = Release|Any CPU
		{658283DD-875C-4269-9249-D62E1F1B639A}.Debug|Any CPU.ActiveCfg = Debug|Any CPU
		{658283DD-875C-4269-9249-D62E1F1B639A}.Debug|Any CPU.Build.0 = Debug|Any CPU
		{658283DD-875C-4269-9249-D62E1F1B639A}.Release|Any CPU.ActiveCfg = Release|Any CPU
		{658283DD-875C-4269-9249-D62E1F1B639A}.Release|Any CPU.Build.0 = Release|Any CPU
		{07C4CBC2-D097-4590-8D89-D7FD96B3929E}.Debug|Any CPU.ActiveCfg = Debug|Any CPU
		{07C4CBC2-D097-4590-8D89-D7FD96B3929E}.Debug|Any CPU.Build.0 = Debug|Any CPU
		{07C4CBC2-D097-4590-8D89-D7FD96B3929E}.Release|Any CPU.ActiveCfg = Release|Any CPU
		{07C4CBC2-D097-4590-8D89-D7FD96B3929E}.Release|Any CPU.Build.0 = Release|Any CPU
		{316BB0BF-1D5F-46C8-B744-D610EF301077}.Debug|Any CPU.ActiveCfg = Debug|Any CPU
		{316BB0BF-1D5F-46C8-B744-D610EF301077}.Debug|Any CPU.Build.0 = Debug|Any CPU
		{316BB0BF-1D5F-46C8-B744-D610EF301077}.Release|Any CPU.ActiveCfg = Release|Any CPU
		{316BB0BF-1D5F-46C8-B744-D610EF301077}.Release|Any CPU.Build.0 = Release|Any CPU
		{599B612F-BDFD-4B47-BB84-615D9E3E005C}.Debug|Any CPU.ActiveCfg = Debug|Any CPU
		{599B612F-BDFD-4B47-BB84-615D9E3E005C}.Debug|Any CPU.Build.0 = Debug|Any CPU
		{599B612F-BDFD-4B47-BB84-615D9E3E005C}.Release|Any CPU.ActiveCfg = Release|Any CPU
		{599B612F-BDFD-4B47-BB84-615D9E3E005C}.Release|Any CPU.Build.0 = Release|Any CPU
		{6A070CF5-374F-41E6-A686-D37FD2DF1F56}.Debug|Any CPU.ActiveCfg = Debug|Any CPU
		{6A070CF5-374F-41E6-A686-D37FD2DF1F56}.Debug|Any CPU.Build.0 = Debug|Any CPU
		{6A070CF5-374F-41E6-A686-D37FD2DF1F56}.Release|Any CPU.ActiveCfg = Release|Any CPU
		{6A070CF5-374F-41E6-A686-D37FD2DF1F56}.Release|Any CPU.Build.0 = Release|Any CPU
		{63C9CFF7-AE0E-4932-A9F5-EB314742A658}.Debug|Any CPU.ActiveCfg = Debug|Any CPU
		{63C9CFF7-AE0E-4932-A9F5-EB314742A658}.Debug|Any CPU.Build.0 = Debug|Any CPU
		{63C9CFF7-AE0E-4932-A9F5-EB314742A658}.Release|Any CPU.ActiveCfg = Release|Any CPU
		{63C9CFF7-AE0E-4932-A9F5-EB314742A658}.Release|Any CPU.Build.0 = Release|Any CPU
		{FDA580FF-9AC9-4680-B0C1-6D93B9626CD0}.Debug|Any CPU.ActiveCfg = Debug|Any CPU
		{FDA580FF-9AC9-4680-B0C1-6D93B9626CD0}.Debug|Any CPU.Build.0 = Debug|Any CPU
		{FDA580FF-9AC9-4680-B0C1-6D93B9626CD0}.Release|Any CPU.ActiveCfg = Release|Any CPU
		{FDA580FF-9AC9-4680-B0C1-6D93B9626CD0}.Release|Any CPU.Build.0 = Release|Any CPU
	EndGlobalSection
	GlobalSection(SolutionProperties) = preSolution
		HideSolutionNode = FALSE
	EndGlobalSection
EndGlobal
