
Microsoft Visual Studio Solution File, Format Version 12.00
# Visual Studio 14
VisualStudioVersion = 14.0.23107.0
MinimumVisualStudioVersion = 10.0.40219.1
Project("{FAE04EC0-301F-11D3-BF4B-00C04F79EFBC}") = "TransactionScriptSample", "TransactionScriptSample\TransactionScriptSample.csproj", "{46397034-9A2F-4917-8A3C-E6CFE3526A04}"
EndProject
Project("{FAE04EC0-301F-11D3-BF4B-00C04F79EFBC}") = "DomainModel", "DomainModel\DomainModel.csproj", "{73D210ED-B7A5-4A48-BAB3-A0EB2D84E5FF}"
EndProject
Project("{FAE04EC0-301F-11D3-BF4B-00C04F79EFBC}") = "TableModule", "TableModule\TableModule.csproj", "{96DC346A-4B4D-45A3-9614-AA99FAA0249E}"
EndProject
Project("{2150E333-8FDC-42A3-9474-1A3956D46DE8}") = "Solution Items", "Solution Items", "{8F904AD5-D495-4977-8FC2-5DB1FBD8B627}"
	ProjectSection(SolutionItems) = preProject
		README.md = README.md
	EndProjectSection
EndProject
Project("{FAE04EC0-301F-11D3-BF4B-00C04F79EFBC}") = "TableDataGateway", "TableDataGateway\TableDataGateway.csproj", "{5F814897-DD49-4F85-9A71-B8CD63968DC5}"
EndProject
Project("{FAE04EC0-301F-11D3-BF4B-00C04F79EFBC}") = "RowDataGateway", "RowDataGateway\RowDataGateway.csproj", "{8A9F691C-9E0E-46D8-8AA6-867C8D10F499}"
EndProject
Project("{FAE04EC0-301F-11D3-BF4B-00C04F79EFBC}") = "ActiveRecord", "ActiveRecord\ActiveRecord.csproj", "{F61DF254-351B-49CA-B285-08A9478C7F64}"
EndProject
Project("{FAE04EC0-301F-11D3-BF4B-00C04F79EFBC}") = "DataMapper", "DataMapper\DataMapper.csproj", "{EC4FA29D-94C0-498E-896E-23DF680304F3}"
EndProject
Global
	GlobalSection(SolutionConfigurationPlatforms) = preSolution
		Debug|Any CPU = Debug|Any CPU
		Release|Any CPU = Release|Any CPU
	EndGlobalSection
	GlobalSection(ProjectConfigurationPlatforms) = postSolution
		{46397034-9A2F-4917-8A3C-E6CFE3526A04}.Debug|Any CPU.ActiveCfg = Debug|Any CPU
		{46397034-9A2F-4917-8A3C-E6CFE3526A04}.Debug|Any CPU.Build.0 = Debug|Any CPU
		{46397034-9A2F-4917-8A3C-E6CFE3526A04}.Release|Any CPU.ActiveCfg = Release|Any CPU
		{46397034-9A2F-4917-8A3C-E6CFE3526A04}.Release|Any CPU.Build.0 = Release|Any CPU
		{73D210ED-B7A5-4A48-BAB3-A0EB2D84E5FF}.Debug|Any CPU.ActiveCfg = Debug|Any CPU
		{73D210ED-B7A5-4A48-BAB3-A0EB2D84E5FF}.Debug|Any CPU.Build.0 = Debug|Any CPU
		{73D210ED-B7A5-4A48-BAB3-A0EB2D84E5FF}.Release|Any CPU.ActiveCfg = Release|Any CPU
		{73D210ED-B7A5-4A48-BAB3-A0EB2D84E5FF}.Release|Any CPU.Build.0 = Release|Any CPU
		{96DC346A-4B4D-45A3-9614-AA99FAA0249E}.Debug|Any CPU.ActiveCfg = Debug|Any CPU
		{96DC346A-4B4D-45A3-9614-AA99FAA0249E}.Debug|Any CPU.Build.0 = Debug|Any CPU
		{96DC346A-4B4D-45A3-9614-AA99FAA0249E}.Release|Any CPU.ActiveCfg = Release|Any CPU
		{96DC346A-4B4D-45A3-9614-AA99FAA0249E}.Release|Any CPU.Build.0 = Release|Any CPU
		{5F814897-DD49-4F85-9A71-B8CD63968DC5}.Debug|Any CPU.ActiveCfg = Debug|Any CPU
		{5F814897-DD49-4F85-9A71-B8CD63968DC5}.Debug|Any CPU.Build.0 = Debug|Any CPU
		{5F814897-DD49-4F85-9A71-B8CD63968DC5}.Release|Any CPU.ActiveCfg = Release|Any CPU
		{5F814897-DD49-4F85-9A71-B8CD63968DC5}.Release|Any CPU.Build.0 = Release|Any CPU
		{8A9F691C-9E0E-46D8-8AA6-867C8D10F499}.Debug|Any CPU.ActiveCfg = Debug|Any CPU
		{8A9F691C-9E0E-46D8-8AA6-867C8D10F499}.Debug|Any CPU.Build.0 = Debug|Any CPU
		{8A9F691C-9E0E-46D8-8AA6-867C8D10F499}.Release|Any CPU.ActiveCfg = Release|Any CPU
		{8A9F691C-9E0E-46D8-8AA6-867C8D10F499}.Release|Any CPU.Build.0 = Release|Any CPU
		{F61DF254-351B-49CA-B285-08A9478C7F64}.Debug|Any CPU.ActiveCfg = Debug|Any CPU
		{F61DF254-351B-49CA-B285-08A9478C7F64}.Debug|Any CPU.Build.0 = Debug|Any CPU
		{F61DF254-351B-49CA-B285-08A9478C7F64}.Release|Any CPU.ActiveCfg = Release|Any CPU
		{F61DF254-351B-49CA-B285-08A9478C7F64}.Release|Any CPU.Build.0 = Release|Any CPU
		{EC4FA29D-94C0-498E-896E-23DF680304F3}.Debug|Any CPU.ActiveCfg = Debug|Any CPU
		{EC4FA29D-94C0-498E-896E-23DF680304F3}.Debug|Any CPU.Build.0 = Debug|Any CPU
		{EC4FA29D-94C0-498E-896E-23DF680304F3}.Release|Any CPU.ActiveCfg = Release|Any CPU
		{EC4FA29D-94C0-498E-896E-23DF680304F3}.Release|Any CPU.Build.0 = Release|Any CPU
	EndGlobalSection
	GlobalSection(SolutionProperties) = preSolution
		HideSolutionNode = FALSE
	EndGlobalSection
EndGlobal
